github.com/arjnep/less v0.0.0-20240522070026-9a5946513751 h1:SRcnJiZ74Yd4+pTW5vtOcqYtMdIOssvotE87XOPUn/s=
github.com/arjnep/less v0.0.0-20240522070026-9a5946513751/go.mod h1:fZY8I35jHdFBMMN3/xl3eaP2iFs2hlcrNIIZh9r0dMU=
github.com/arjnep/less v0.0.0-20250328072413-a127aea49575 h1:z2eWkHGagiggyS/wRef30OlYMoFp7PUYZdPcmmuvg8o=
github.com/arjnep/less v0.0.0-20250328072413-a127aea49575/go.mod h1:Mu+Mr2GR3cfyHyWqsSFDG2an61okCHPEqFk4pscoVts=
