github.com/arjnep/less v0.0.0-20240522065537-98ce6b706fb1 h1:5Yr4Aeopdldin4tlna49HhaskQhy2cyQaNWB7NdxOew=
github.com/arjnep/less v0.0.0-20240522065537-98ce6b706fb1/go.mod h1:fZY8I35jHdFBMMN3/xl3eaP2iFs2hlcrNIIZh9r0dMU=
github.com/arjnep/less v0.0.0-20240522070026-9a5946513751 h1:SRcnJiZ74Yd4+pTW5vtOcqYtMdIOssvotE87XOPUn/s=
github.com/arjnep/less v0.0.0-20240522070026-9a5946513751/go.mod h1:fZY8I35jHdFBMMN3/xl3eaP2iFs2hlcrNIIZh9r0dMU=
