github.com/arjnep/less v0.0.0-20240513170455-a24d1520a694 h1:6vYxS5NEfSVMI01WEBnQ4DB3922iHqw2lkjrVz5xgQE=
github.com/arjnep/less v0.0.0-20240513170455-a24d1520a694/go.mod h1:fZY8I35jHdFBMMN3/xl3eaP2iFs2hlcrNIIZh9r0dMU=
github.com/arjnep/less v0.0.0-20240516071915-92bc255e26fa h1:Qd28aOnfKIxRtkb6Ssad64gEMchb4EtLwobuZE8k4O8=
github.com/arjnep/less v0.0.0-20240516071915-92bc255e26fa/go.mod h1:fZY8I35jHdFBMMN3/xl3eaP2iFs2hlcrNIIZh9r0dMU=
